# This file was autogenerated by Stack.
# You should not edit this file by hand.
# For more information, please see the documentation at:
#   https://docs.haskellstack.org/en/stable/lock_files

packages:
- completed:
    hackage: profunctors-5.5.1@sha256:48a53d69f997693db6b3fd339e92edea7776420ace5101737f037b04306096a7,2075
    pantry-tree:
      size: 1639
      sha256: 92ffca6876a8304bcb76d1d98b4a31a422b33e96e84c87356adca87925e17856
  original:
    hackage: profunctors-5.5.1@sha256:48a53d69f997693db6b3fd339e92edea7776420ace5101737f037b04306096a7,2075
snapshots:
- completed:
    size: 523448
    url: https://raw.githubusercontent.com/commercialhaskell/stackage-snapshots/master/lts/14/1.yaml
    sha256: 0045b9bae36c3bb2dd374c29b586389845af1557eea0423958d152fc500d4fbf
  original: lts-14.1
