# This file was autogenerated by Stack.
# You should not edit this file by hand.
# For more information, please see the documentation at:
#   https://docs.haskellstack.org/en/stable/lock_files

packages:
- completed:
    hackage: profunctors-5.4@sha256:545fdbc05131fa29e6612e915ec5d4dadfbcf3a6def86c8b95ca26593b21b259,2073
    pantry-tree:
      size: 1639
      sha256: 7fed3fe32ae2f762046b1e0bcd0ef4fbe7d0189d2dee7d72459485b456c5738c
  original:
    hackage: profunctors-5.4@sha256:545fdbc05131fa29e6612e915ec5d4dadfbcf3a6def86c8b95ca26593b21b259,2073
snapshots:
- completed:
    size: 523448
    url: https://raw.githubusercontent.com/commercialhaskell/stackage-snapshots/master/lts/14/1.yaml
    sha256: 0045b9bae36c3bb2dd374c29b586389845af1557eea0423958d152fc500d4fbf
  original: lts-14.1
